{
  "name": "gatsby-starter-lumen",
  "version": "3.0.7",
  "lockfileVersion": 1,
  "requires": true,
  "dependencies": {
    "gatsby-plugin-disqus": {
      "version": "1.2.2",
      "resolved": "https://registry.npmjs.org/gatsby-plugin-disqus/-/gatsby-plugin-disqus-1.2.2.tgz",
      "integrity": "sha512-RWiU8Jtg94kVphjBnxqnF+0txyJ3eZN/9vw/VlMgz0mor1FwULkiiiOyNXAJxbX6tFqYmypnmfa+edQWX/rMpQ=="
    }
  }
}
